{
  "name": "@askalf/truecopy",
  "version": "0.8.0",
  "lockfileVersion": 3,
  "requires": true,
  "packages": {
    "": {
      "name": "@askalf/truecopy",
      "version": "0.8.0",
      "license": "MIT",
      "dependencies": {
        "@askalf/redstamp": "github:askalf/redstamp#3da60b9d720cb3f152f3db906673be0a2f8116b7"
      },
      "bin": {
        "canon": "src/cli.mjs",
        "canon-mcp": "src/mcp-cli.mjs",
        "truecopy": "src/cli.mjs",
        "truecopy-mcp": "src/mcp-cli.mjs"
      },
      "engines": {
        "node": ">=20"
      }
    },
    "node_modules/@askalf/redstamp": {
      "version": "0.4.1",
      "resolved": "git+ssh://git@github.com/askalf/redstamp.git#3da60b9d720cb3f152f3db906673be0a2f8116b7",
      "integrity": "sha512-yFsFK2s3jUxB+UVlNWsm9fDvBIqw14aVZFy1iHNCSFvkQFcSyDrd1CIPLeYv3BYnbOnZMvdNT4/wxLzCYpuLrw==",
      "license": "MIT",
      "bin": {
        "redstamp": "src/cli.mjs",
        "redstamp-hook": "src/cc-hook.mjs",
        "redstamp-mcp": "src/mcp-proxy-cli.mjs",
        "redstamp-serve": "src/daemon-cli.mjs",
        "warden": "src/cli.mjs",
        "warden-hook": "src/cc-hook.mjs",
        "warden-mcp": "src/mcp-proxy-cli.mjs",
        "warden-serve": "src/daemon-cli.mjs"
      },
      "engines": {
        "node": ">=20"
      }
    }
  }
}
