{
  "name": "@askalf/canon",
  "version": "0.2.0",
  "lockfileVersion": 3,
  "requires": true,
  "packages": {
    "": {
      "name": "@askalf/canon",
      "version": "0.2.0",
      "license": "MIT",
      "dependencies": {
        "@askalf/warden": "github:askalf/warden#2aaaa0cdcb2a21b13225c002f1879998ce88c7c2"
      },
      "bin": {
        "canon": "src/cli.mjs",
        "canon-mcp": "src/mcp-cli.mjs"
      },
      "engines": {
        "node": ">=20"
      }
    },
    "node_modules/@askalf/warden": {
      "version": "0.2.0",
      "resolved": "git+ssh://git@github.com/askalf/warden.git#2aaaa0cdcb2a21b13225c002f1879998ce88c7c2",
      "integrity": "sha512-r1rI+kFEyAwFEAXBaGJtgfYqjYL45nI3FF/J4NFZ+YOj6CMc4lvzGgqniOqMQ/qJC5ACZUdonTUk7FkL6pr2Zg==",
      "license": "MIT",
      "bin": {
        "warden": "src/cli.mjs",
        "warden-hook": "src/cc-hook.mjs",
        "warden-mcp": "src/mcp-proxy-cli.mjs",
        "warden-serve": "src/daemon-cli.mjs"
      },
      "engines": {
        "node": ">=20"
      }
    }
  }
}
