{
  "name": "@askalf/canon",
  "version": "0.1.0",
  "lockfileVersion": 3,
  "requires": true,
  "packages": {
    "": {
      "name": "@askalf/canon",
      "version": "0.1.0",
      "license": "MIT",
      "dependencies": {
        "@askalf/warden": "github:askalf/warden"
      },
      "bin": {
        "canon": "src/cli.mjs",
        "canon-mcp": "src/mcp-cli.mjs"
      },
      "engines": {
        "node": ">=20"
      }
    },
    "node_modules/@askalf/warden": {
      "version": "0.2.0",
      "resolved": "git+ssh://git@github.com/askalf/warden.git#c14eaeb43d915010ea1b3effa73e3ee939d55eab",
      "license": "MIT",
      "bin": {
        "warden": "src/cli.mjs",
        "warden-hook": "src/cc-hook.mjs",
        "warden-mcp": "src/mcp-proxy-cli.mjs",
        "warden-serve": "src/daemon-cli.mjs"
      },
      "engines": {
        "node": ">=20"
      }
    }
  }
}
