{
  "name": "truecopy-mcp-image",
  "version": "0.0.0",
  "lockfileVersion": 3,
  "requires": true,
  "packages": {
    "": {
      "name": "truecopy-mcp-image",
      "version": "0.0.0",
      "license": "MIT",
      "dependencies": {
        "@askalf/truecopy": "0.10.2"
      }
    },
    "node_modules/@askalf/redstamp": {
      "version": "0.7.3",
      "resolved": "https://github.com/askalf/redstamp/releases/download/v0.7.3/askalf-redstamp-0.7.3.tgz",
      "integrity": "sha512-U8Ja68c7Bspxi1f7DA88iPkyH68j5w+1zGIt5KFlZJ6B2XIBSkxQjMJSzttXm1wjApDFx/fqLhjwQzg/SrHsRg==",
      "license": "MIT",
      "bin": {
        "redstamp": "src/cli.mjs",
        "redstamp-hook": "src/cc-hook.mjs",
        "redstamp-mcp": "src/mcp-proxy-cli.mjs",
        "redstamp-serve": "src/daemon-cli.mjs",
        "warden": "src/cli.mjs",
        "warden-hook": "src/cc-hook.mjs",
        "warden-mcp": "src/mcp-proxy-cli.mjs",
        "warden-serve": "src/daemon-cli.mjs"
      },
      "engines": {
        "node": ">=20"
      }
    },
    "node_modules/@askalf/truecopy": {
      "version": "0.10.2",
      "resolved": "https://registry.npmjs.org/@askalf/truecopy/-/truecopy-0.10.2.tgz",
      "integrity": "sha512-zGAl6yazxBhSCcQfSGiWXVq5LeXEq6XVoUlqdN+uQ3GcnswqtWJkjuoshPcH0xcRHu03oDhHnUB9JlHG4Tyciw==",
      "license": "MIT",
      "dependencies": {
        "@askalf/redstamp": "https://github.com/askalf/redstamp/releases/download/v0.7.3/askalf-redstamp-0.7.3.tgz"
      },
      "bin": {
        "canon": "src/cli.mjs",
        "canon-mcp": "src/mcp-cli.mjs",
        "truecopy": "src/cli.mjs",
        "truecopy-mcp": "src/mcp-cli.mjs"
      },
      "engines": {
        "node": ">=20"
      }
    }
  }
}
