{
  "name": "truecopy-mcp-image",
  "version": "0.0.0",
  "lockfileVersion": 3,
  "requires": true,
  "packages": {
    "": {
      "name": "truecopy-mcp-image",
      "version": "0.0.0",
      "license": "MIT",
      "dependencies": {
        "@askalf/truecopy": "0.10.3"
      }
    },
    "node_modules/@askalf/redstamp": {
      "version": "0.7.5",
      "resolved": "https://github.com/askalf/redstamp/releases/download/v0.7.5/askalf-redstamp-0.7.5.tgz",
      "integrity": "sha512-hXwLm1QfQPn6UnKiTNXNTYVLMzhIu+SxiCg/LrLqmsa/xpwlSS4V+GafRf6tV/Kzcvoo+fPGo2Bs8OAOqpcxmA==",
      "license": "MIT",
      "bin": {
        "redstamp": "src/cli.mjs",
        "redstamp-hook": "src/cc-hook.mjs",
        "redstamp-mcp": "src/mcp-proxy-cli.mjs",
        "redstamp-serve": "src/daemon-cli.mjs",
        "warden": "src/cli.mjs",
        "warden-hook": "src/cc-hook.mjs",
        "warden-mcp": "src/mcp-proxy-cli.mjs",
        "warden-serve": "src/daemon-cli.mjs"
      },
      "engines": {
        "node": ">=20"
      }
    },
    "node_modules/@askalf/truecopy": {
      "version": "0.10.3",
      "resolved": "https://registry.npmjs.org/@askalf/truecopy/-/truecopy-0.10.3.tgz",
      "integrity": "sha512-AWJlnjrjAMQS7ee8WFwj7Iv+OB4QWoobH12qUdodo+YNnVSdVhMqOV2BKot6PC1t92n2eZPSex14yUPLZt/hLw==",
      "license": "MIT",
      "dependencies": {
        "@askalf/redstamp": "https://github.com/askalf/redstamp/releases/download/v0.7.5/askalf-redstamp-0.7.5.tgz"
      },
      "bin": {
        "canon": "src/cli.mjs",
        "canon-mcp": "src/mcp-cli.mjs",
        "truecopy": "src/cli.mjs",
        "truecopy-mcp": "src/mcp-cli.mjs"
      },
      "engines": {
        "node": ">=20"
      }
    }
  }
}
