{
  "name": "truecopy-mcp-image",
  "version": "0.0.0",
  "lockfileVersion": 3,
  "requires": true,
  "packages": {
    "": {
      "name": "truecopy-mcp-image",
      "version": "0.0.0",
      "license": "MIT",
      "dependencies": {
        "@askalf/truecopy": "github:askalf/truecopy#f374169b86463ae32f862a34dfa1f8dafd9c3063"
      }
    },
    "node_modules/@askalf/redstamp": {
      "version": "0.6.0",
      "resolved": "git+https://github.com/askalf/redstamp.git#71a18c4e95a0ac3617805cb6bb48fe5f9aa23943",
      "integrity": "sha512-xkBuTQzGE0mRzMZOEt73++64cCKzFW5rTouadMFfuAqLFe1xOiOVyS51Ydygx1F9QRhfV3/zEqBAevCbgEaUog==",
      "license": "MIT",
      "bin": {
        "redstamp": "src/cli.mjs",
        "redstamp-hook": "src/cc-hook.mjs",
        "redstamp-mcp": "src/mcp-proxy-cli.mjs",
        "redstamp-serve": "src/daemon-cli.mjs",
        "warden": "src/cli.mjs",
        "warden-hook": "src/cc-hook.mjs",
        "warden-mcp": "src/mcp-proxy-cli.mjs",
        "warden-serve": "src/daemon-cli.mjs"
      },
      "engines": {
        "node": ">=20"
      }
    },
    "node_modules/@askalf/truecopy": {
      "version": "0.9.0",
      "resolved": "git+https://github.com/askalf/truecopy.git#f374169b86463ae32f862a34dfa1f8dafd9c3063",
      "integrity": "sha512-wKpj4WQmsel4OFB/5BbJUZ8w0ozSb7uD+KX59jTR99QrBiDp5BQxCMtQMlS+lJqkWfk/tBaLpZMpltP7rjZqtQ==",
      "license": "MIT",
      "dependencies": {
        "@askalf/redstamp": "github:askalf/redstamp#71a18c4e95a0ac3617805cb6bb48fe5f9aa23943"
      },
      "bin": {
        "canon": "src/cli.mjs",
        "canon-mcp": "src/mcp-cli.mjs",
        "truecopy": "src/cli.mjs",
        "truecopy-mcp": "src/mcp-cli.mjs"
      },
      "engines": {
        "node": ">=20"
      }
    }
  }
}
